// !$*UTF8*$!
{
	archiveVersion = 1;
	classes = {
	};
	objectVersion = 77;
	objects = {

/* Begin PBXBuildFile section */
		81008FED2DD8AA9600A4EA91 /* GoogleService-Info.plist in Resources */ = {isa = PBXBuildFile; fileRef = 81008FEC2DD8AA9600A4EA91 /* GoogleService-Info.plist */; };
		81008FEE2DD8AA9600A4EA91 /* GoogleService-Info.plist in Resources */ = {isa = PBXBuildFile; fileRef = 81008FEC2DD8AA9600A4EA91 /* GoogleService-Info.plist */; };
		81008FEF2DD8AA9600A4EA91 /* GoogleService-Info.plist in Resources */ = {isa = PBXBuildFile; fileRef = 81008FEC2DD8AA9600A4EA91 /* GoogleService-Info.plist */; };
		8128CB2F2DE0D2CF004FC816 /* YOLO in Frameworks */ = {isa = PBXBuildFile; productRef = 8128CB2E2DE0D2CF004FC816 /* YOLO */; };
		819501392DDDC58900F8637B /* FirebaseFirestore in Frameworks */ = {isa = PBXBuildFile; productRef = 819501382DDDC58900F8637B /* FirebaseFirestore */; };
		81CB01682DDC77A20029E819 /* FirebaseAuth in Frameworks */ = {isa = PBXBuildFile; productRef = 81CB01672DDC77A20029E819 /* FirebaseAuth */; };
		81D39FC62DDC918200A03B41 /* GoogleSignIn in Frameworks */ = {isa = PBXBuildFile; productRef = 81D39FC52DDC918200A03B41 /* GoogleSignIn */; };
		81D39FC82DDC918200A03B41 /* GoogleSignInSwift in Frameworks */ = {isa = PBXBuildFile; productRef = 81D39FC72DDC918200A03B41 /* GoogleSignInSwift */; };
		81E03DBF2DE0A57F001643D4 /* yolo11m.mlpackage in Sources */ = {isa = PBXBuildFile; fileRef = 81E03DBE2DE0A57F001643D4 /* yolo11m.mlpackage */; };
		81E03DC02DE0A57F001643D4 /* yolo11m.mlpackage in Sources */ = {isa = PBXBuildFile; fileRef = 81E03DBE2DE0A57F001643D4 /* yolo11m.mlpackage */; };
		81E03DC12DE0A57F001643D4 /* yolo11m.mlpackage in Sources */ = {isa = PBXBuildFile; fileRef = 81E03DBE2DE0A57F001643D4 /* yolo11m.mlpackage */; };
		81E03DC52DE0A794001643D4 /* yolo11s.mlpackage in Sources */ = {isa = PBXBuildFile; fileRef = 81E03DC32DE0A794001643D4 /* yolo11s.mlpackage */; };
		81E03DC62DE0A794001643D4 /* yolo11x.mlpackage in Sources */ = {isa = PBXBuildFile; fileRef = 81E03DC42DE0A794001643D4 /* yolo11x.mlpackage */; };
		81E03DC72DE0A794001643D4 /* yolo11n.mlpackage in Sources */ = {isa = PBXBuildFile; fileRef = 81E03DC22DE0A794001643D4 /* yolo11n.mlpackage */; };
		81E03DC82DE0A794001643D4 /* yolo11s.mlpackage in Sources */ = {isa = PBXBuildFile; fileRef = 81E03DC32DE0A794001643D4 /* yolo11s.mlpackage */; };
		81E03DC92DE0A794001643D4 /* yolo11x.mlpackage in Sources */ = {isa = PBXBuildFile; fileRef = 81E03DC42DE0A794001643D4 /* yolo11x.mlpackage */; };
		81E03DCA2DE0A794001643D4 /* yolo11n.mlpackage in Sources */ = {isa = PBXBuildFile; fileRef = 81E03DC22DE0A794001643D4 /* yolo11n.mlpackage */; };
		81E03DCB2DE0A794001643D4 /* yolo11s.mlpackage in Sources */ = {isa = PBXBuildFile; fileRef = 81E03DC32DE0A794001643D4 /* yolo11s.mlpackage */; };
		81E03DCC2DE0A794001643D4 /* yolo11x.mlpackage in Sources */ = {isa = PBXBuildFile; fileRef = 81E03DC42DE0A794001643D4 /* yolo11x.mlpackage */; };
		81E03DCD2DE0A794001643D4 /* yolo11n.mlpackage in Sources */ = {isa = PBXBuildFile; fileRef = 81E03DC22DE0A794001643D4 /* yolo11n.mlpackage */; };
		9BBFAE8A2DD7450400CBD575 /* FirebaseAnalytics in Frameworks */ = {isa = PBXBuildFile; productRef = 9BBFAE892DD7450400CBD575 /* FirebaseAnalytics */; };
/* End PBXBuildFile section */

/* Begin PBXContainerItemProxy section */
		81ED901E2DD7052B00EB4E93 /* PBXContainerItemProxy */ = {
			isa = PBXContainerItemProxy;
			containerPortal = 81ED90052DD7052A00EB4E93 /* Project object */;
			proxyType = 1;
			remoteGlobalIDString = 81ED900C2DD7052A00EB4E93;
			remoteInfo = GiikuCamp_vol3;
		};
		81ED90282DD7052B00EB4E93 /* PBXContainerItemProxy */ = {
			isa = PBXContainerItemProxy;
			containerPortal = 81ED90052DD7052A00EB4E93 /* Project object */;
			proxyType = 1;
			remoteGlobalIDString = 81ED900C2DD7052A00EB4E93;
			remoteInfo = GiikuCamp_vol3;
		};
/* End PBXContainerItemProxy section */

/* Begin PBXFileReference section */
		81008FEC2DD8AA9600A4EA91 /* GoogleService-Info.plist */ = {isa = PBXFileReference; lastKnownFileType = text.plist.xml; path = "GoogleService-Info.plist"; sourceTree = "<group>"; };
		81E03DBE2DE0A57F001643D4 /* yolo11m.mlpackage */ = {isa = PBXFileReference; lastKnownFileType = folder.mlpackage; path = yolo11m.mlpackage; sourceTree = "<group>"; };
		81E03DC22DE0A794001643D4 /* yolo11n.mlpackage */ = {isa = PBXFileReference; lastKnownFileType = folder.mlpackage; path = yolo11n.mlpackage; sourceTree = "<group>"; };
		81E03DC32DE0A794001643D4 /* yolo11s.mlpackage */ = {isa = PBXFileReference; lastKnownFileType = folder.mlpackage; path = yolo11s.mlpackage; sourceTree = "<group>"; };
		81E03DC42DE0A794001643D4 /* yolo11x.mlpackage */ = {isa = PBXFileReference; lastKnownFileType = folder.mlpackage; path = yolo11x.mlpackage; sourceTree = "<group>"; };
		81ED900D2DD7052A00EB4E93 /* GiikuCamp_vol3.app */ = {isa = PBXFileReference; explicitFileType = wrapper.application; includeInIndex = 0; path = GiikuCamp_vol3.app; sourceTree = BUILT_PRODUCTS_DIR; };
		81ED901D2DD7052B00EB4E93 /* GiikuCamp_vol3Tests.xctest */ = {isa = PBXFileReference; explicitFileType = wrapper.cfbundle; includeInIndex = 0; path = GiikuCamp_vol3Tests.xctest; sourceTree = BUILT_PRODUCTS_DIR; };
		81ED90272DD7052B00EB4E93 /* GiikuCamp_vol3UITests.xctest */ = {isa = PBXFileReference; explicitFileType = wrapper.cfbundle; includeInIndex = 0; path = GiikuCamp_vol3UITests.xctest; sourceTree = BUILT_PRODUCTS_DIR; };
/* End PBXFileReference section */

/* Begin PBXFileSystemSynchronizedRootGroup section */
		81ED900F2DD7052A00EB4E93 /* GiikuCamp_vol3 */ = {
			isa = PBXFileSystemSynchronizedRootGroup;
			path = GiikuCamp_vol3;
			sourceTree = "<group>";
		};
		81ED90202DD7052B00EB4E93 /* GiikuCamp_vol3Tests */ = {
			isa = PBXFileSystemSynchronizedRootGroup;
			path = GiikuCamp_vol3Tests;
			sourceTree = "<group>";
		};
		81ED902A2DD7052B00EB4E93 /* GiikuCamp_vol3UITests */ = {
			isa = PBXFileSystemSynchronizedRootGroup;
			path = GiikuCamp_vol3UITests;
			sourceTree = "<group>";
		};
/* End PBXFileSystemSynchronizedRootGroup section */

/* Begin PBXFrameworksBuildPhase section */
		81ED900A2DD7052A00EB4E93 /* Frameworks */ = {
			isa = PBXFrameworksBuildPhase;
			buildActionMask = 2147483647;
			files = (
				81D39FC82DDC918200A03B41 /* GoogleSignInSwift in Frameworks */,
				8128CB2F2DE0D2CF004FC816 /* YOLO in Frameworks */,
				9BBFAE8A2DD7450400CBD575 /* FirebaseAnalytics in Frameworks */,
				81D39FC62DDC918200A03B41 /* GoogleSignIn in Frameworks */,
				81CB01682DDC77A20029E819 /* FirebaseAuth in Frameworks */,
				819501392DDDC58900F8637B /* FirebaseFirestore in Frameworks */,
			);
			runOnlyForDeploymentPostprocessing = 0;
		};
		81ED901A2DD7052B00EB4E93 /* Frameworks */ = {
			isa = PBXFrameworksBuildPhase;
			buildActionMask = 2147483647;
			files = (
			);
			runOnlyForDeploymentPostprocessing = 0;
		};
		81ED90242DD7052B00EB4E93 /* Frameworks */ = {
			isa = PBXFrameworksBuildPhase;
			buildActionMask = 2147483647;
			files = (
			);
			runOnlyForDeploymentPostprocessing = 0;
		};
/* End PBXFrameworksBuildPhase section */

/* Begin PBXGroup section */
		819501372DDDC58900F8637B /* Frameworks */ = {
			isa = PBXGroup;
			children = (
			);
			name = Frameworks;
			sourceTree = "<group>";
		};
		81ED90042DD7052A00EB4E93 = {
			isa = PBXGroup;
			children = (
				81ED900F2DD7052A00EB4E93 /* GiikuCamp_vol3 */,
				81ED90202DD7052B00EB4E93 /* GiikuCamp_vol3Tests */,
				81ED902A2DD7052B00EB4E93 /* GiikuCamp_vol3UITests */,
				81ED900E2DD7052A00EB4E93 /* Products */,
				81008FEC2DD8AA9600A4EA91 /* GoogleService-Info.plist */,
				819501372DDDC58900F8637B /* Frameworks */,
				81E03DBE2DE0A57F001643D4 /* yolo11m.mlpackage */,
				81E03DC22DE0A794001643D4 /* yolo11n.mlpackage */,
				81E03DC32DE0A794001643D4 /* yolo11s.mlpackage */,
				81E03DC42DE0A794001643D4 /* yolo11x.mlpackage */,
			);
			sourceTree = "<group>";
		};
		81ED900E2DD7052A00EB4E93 /* Products */ = {
			isa = PBXGroup;
			children = (
				81ED900D2DD7052A00EB4E93 /* GiikuCamp_vol3.app */,
				81ED901D2DD7052B00EB4E93 /* GiikuCamp_vol3Tests.xctest */,
				81ED90272DD7052B00EB4E93 /* GiikuCamp_vol3UITests.xctest */,
			);
			name = Products;
			sourceTree = "<group>";
		};
/* End PBXGroup section */

/* Begin PBXNativeTarget section */
		81ED900C2DD7052A00EB4E93 /* GiikuCamp_vol3 */ = {
			isa = PBXNativeTarget;
			buildConfigurationList = 81ED90312DD7052B00EB4E93 /* Build configuration list for PBXNativeTarget "GiikuCamp_vol3" */;
			buildPhases = (
				81ED90092DD7052A00EB4E93 /* Sources */,
				81ED900A2DD7052A00EB4E93 /* Frameworks */,
				81ED900B2DD7052A00EB4E93 /* Resources */,
			);
			buildRules = (
			);
			dependencies = (
			);
			fileSystemSynchronizedGroups = (
				81ED900F2DD7052A00EB4E93 /* GiikuCamp_vol3 */,
			);
			name = GiikuCamp_vol3;
			packageProductDependencies = (
				9BBFAE892DD7450400CBD575 /* FirebaseAnalytics */,
				81CB01672DDC77A20029E819 /* FirebaseAuth */,
				81D39FC52DDC918200A03B41 /* GoogleSignIn */,
				81D39FC72DDC918200A03B41 /* GoogleSignInSwift */,
				819501382DDDC58900F8637B /* FirebaseFirestore */,
				8128CB2E2DE0D2CF004FC816 /* YOLO */,
			);
			productName = GiikuCamp_vol3;
			productReference = 81ED900D2DD7052A00EB4E93 /* GiikuCamp_vol3.app */;
			productType = "com.apple.product-type.application";
		};
		81ED901C2DD7052B00EB4E93 /* GiikuCamp_vol3Tests */ = {
			isa = PBXNativeTarget;
			buildConfigurationList = 81ED90342DD7052B00EB4E93 /* Build configuration list for PBXNativeTarget "GiikuCamp_vol3Tests" */;
			buildPhases = (
				81ED90192DD7052B00EB4E93 /* Sources */,
				81ED901A2DD7052B00EB4E93 /* Frameworks */,
				81ED901B2DD7052B00EB4E93 /* Resources */,
			);
			buildRules = (
			);
			dependencies = (
				81ED901F2DD7052B00EB4E93 /* PBXTargetDependency */,
			);
			fileSystemSynchronizedGroups = (
				81ED90202DD7052B00EB4E93 /* GiikuCamp_vol3Tests */,
			);
			name = GiikuCamp_vol3Tests;
			packageProductDependencies = (
			);
			productName = GiikuCamp_vol3Tests;
			productReference = 81ED901D2DD7052B00EB4E93 /* GiikuCamp_vol3Tests.xctest */;
			productType = "com.apple.product-type.bundle.unit-test";
		};
		81ED90262DD7052B00EB4E93 /* GiikuCamp_vol3UITests */ = {
			isa = PBXNativeTarget;
			buildConfigurationList = 81ED90372DD7052B00EB4E93 /* Build configuration list for PBXNativeTarget "GiikuCamp_vol3UITests" */;
			buildPhases = (
				81ED90232DD7052B00EB4E93 /* Sources */,
				81ED90242DD7052B00EB4E93 /* Frameworks */,
				81ED90252DD7052B00EB4E93 /* Resources */,
			);
			buildRules = (
			);
			dependencies = (
				81ED90292DD7052B00EB4E93 /* PBXTargetDependency */,
			);
			fileSystemSynchronizedGroups = (
				81ED902A2DD7052B00EB4E93 /* GiikuCamp_vol3UITests */,
			);
			name = GiikuCamp_vol3UITests;
			packageProductDependencies = (
			);
			productName = GiikuCamp_vol3UITests;
			productReference = 81ED90272DD7052B00EB4E93 /* GiikuCamp_vol3UITests.xctest */;
			productType = "com.apple.product-type.bundle.ui-testing";
		};
/* End PBXNativeTarget section */

/* Begin PBXProject section */
		81ED90052DD7052A00EB4E93 /* Project object */ = {
			isa = PBXProject;
			attributes = {
				BuildIndependentTargetsInParallel = 1;
				LastSwiftUpdateCheck = 1620;
				LastUpgradeCheck = 1620;
				TargetAttributes = {
					81ED900C2DD7052A00EB4E93 = {
						CreatedOnToolsVersion = 16.2;
					};
					81ED901C2DD7052B00EB4E93 = {
						CreatedOnToolsVersion = 16.2;
						TestTargetID = 81ED900C2DD7052A00EB4E93;
					};
					81ED90262DD7052B00EB4E93 = {
						CreatedOnToolsVersion = 16.2;
						TestTargetID = 81ED900C2DD7052A00EB4E93;
					};
				};
			};
			buildConfigurationList = 81ED90082DD7052A00EB4E93 /* Build configuration list for PBXProject "GiikuCamp_vol3" */;
			developmentRegion = en;
			hasScannedForEncodings = 0;
			knownRegions = (
				en,
				Base,
			);
			mainGroup = 81ED90042DD7052A00EB4E93;
			minimizedProjectReferenceProxies = 1;
			packageReferences = (
				9BBFAE882DD7450400CBD575 /* XCRemoteSwiftPackageReference "firebase-ios-sdk" */,
				81D39FC42DDC918200A03B41 /* XCRemoteSwiftPackageReference "GoogleSignIn-iOS" */,
				8128CB2D2DE0D2CF004FC816 /* XCLocalSwiftPackageReference "../yolo-ios-app" */,
			);
			preferredProjectObjectVersion = 77;
			productRefGroup = 81ED900E2DD7052A00EB4E93 /* Products */;
			projectDirPath = "";
			projectRoot = "";
			targets = (
				81ED900C2DD7052A00EB4E93 /* GiikuCamp_vol3 */,
				81ED901C2DD7052B00EB4E93 /* GiikuCamp_vol3Tests */,
				81ED90262DD7052B00EB4E93 /* GiikuCamp_vol3UITests */,
			);
		};
/* End PBXProject section */

/* Begin PBXResourcesBuildPhase section */
		81ED900B2DD7052A00EB4E93 /* Resources */ = {
			isa = PBXResourcesBuildPhase;
			buildActionMask = 2147483647;
			files = (
				81008FEF2DD8AA9600A4EA91 /* GoogleService-Info.plist in Resources */,
			);
			runOnlyForDeploymentPostprocessing = 0;
		};
		81ED901B2DD7052B00EB4E93 /* Resources */ = {
			isa = PBXResourcesBuildPhase;
			buildActionMask = 2147483647;
			files = (
				81008FEE2DD8AA9600A4EA91 /* GoogleService-Info.plist in Resources */,
			);
			runOnlyForDeploymentPostprocessing = 0;
		};
		81ED90252DD7052B00EB4E93 /* Resources */ = {
			isa = PBXResourcesBuildPhase;
			buildActionMask = 2147483647;
			files = (
				81008FED2DD8AA9600A4EA91 /* GoogleService-Info.plist in Resources */,
			);
			runOnlyForDeploymentPostprocessing = 0;
		};
/* End PBXResourcesBuildPhase section */

/* Begin PBXSourcesBuildPhase section */
		81ED90092DD7052A00EB4E93 /* Sources */ = {
			isa = PBXSourcesBuildPhase;
			buildActionMask = 2147483647;
			files = (
				81E03DC52DE0A794001643D4 /* yolo11s.mlpackage in Sources */,
				81E03DC62DE0A794001643D4 /* yolo11x.mlpackage in Sources */,
				81E03DC72DE0A794001643D4 /* yolo11n.mlpackage in Sources */,
				81E03DC12DE0A57F001643D4 /* yolo11m.mlpackage in Sources */,
			);
			runOnlyForDeploymentPostprocessing = 0;
		};
		81ED90192DD7052B00EB4E93 /* Sources */ = {
			isa = PBXSourcesBuildPhase;
			buildActionMask = 2147483647;
			files = (
				81E03DC82DE0A794001643D4 /* yolo11s.mlpackage in Sources */,
				81E03DC92DE0A794001643D4 /* yolo11x.mlpackage in Sources */,
				81E03DCA2DE0A794001643D4 /* yolo11n.mlpackage in Sources */,
				81E03DBF2DE0A57F001643D4 /* yolo11m.mlpackage in Sources */,
			);
			runOnlyForDeploymentPostprocessing = 0;
		};
		81ED90232DD7052B00EB4E93 /* Sources */ = {
			isa = PBXSourcesBuildPhase;
			buildActionMask = 2147483647;
			files = (
				81E03DCB2DE0A794001643D4 /* yolo11s.mlpackage in Sources */,
				81E03DCC2DE0A794001643D4 /* yolo11x.mlpackage in Sources */,
				81E03DCD2DE0A794001643D4 /* yolo11n.mlpackage in Sources */,
				81E03DC02DE0A57F001643D4 /* yolo11m.mlpackage in Sources */,
			);
			runOnlyForDeploymentPostprocessing = 0;
		};
/* End PBXSourcesBuildPhase section */

/* Begin PBXTargetDependency section */
		81ED901F2DD7052B00EB4E93 /* PBXTargetDependency */ = {
			isa = PBXTargetDependency;
			target = 81ED900C2DD7052A00EB4E93 /* GiikuCamp_vol3 */;
			targetProxy = 81ED901E2DD7052B00EB4E93 /* PBXContainerItemProxy */;
		};
		81ED90292DD7052B00EB4E93 /* PBXTargetDependency */ = {
			isa = PBXTargetDependency;
			target = 81ED900C2DD7052A00EB4E93 /* GiikuCamp_vol3 */;
			targetProxy = 81ED90282DD7052B00EB4E93 /* PBXContainerItemProxy */;
		};
/* End PBXTargetDependency section */

/* Begin XCBuildConfiguration section */
		81ED902F2DD7052B00EB4E93 /* Debug */ = {
			isa = XCBuildConfiguration;
			buildSettings = {
				ALWAYS_SEARCH_USER_PATHS = NO;
				ASSETCATALOG_COMPILER_GENERATE_SWIFT_ASSET_SYMBOL_EXTENSIONS = YES;
				CLANG_ANALYZER_NONNULL = YES;
				CLANG_ANALYZER_NUMBER_OBJECT_CONVERSION = YES_AGGRESSIVE;
				CLANG_CXX_LANGUAGE_STANDARD = "gnu++20";
				CLANG_ENABLE_MODULES = YES;
				CLANG_ENABLE_OBJC_ARC = YES;
				CLANG_ENABLE_OBJC_WEAK = YES;
				CLANG_WARN_BLOCK_CAPTURE_AUTORELEASING = YES;
				CLANG_WARN_BOOL_CONVERSION = YES;
				CLANG_WARN_COMMA = YES;
				CLANG_WARN_CONSTANT_CONVERSION = YES;
				CLANG_WARN_DEPRECATED_OBJC_IMPLEMENTATIONS = YES;
				CLANG_WARN_DIRECT_OBJC_ISA_USAGE = YES_ERROR;
				CLANG_WARN_DOCUMENTATION_COMMENTS = YES;
				CLANG_WARN_EMPTY_BODY = YES;
				CLANG_WARN_ENUM_CONVERSION = YES;
				CLANG_WARN_INFINITE_RECURSION = YES;
				CLANG_WARN_INT_CONVERSION = YES;
				CLANG_WARN_NON_LITERAL_NULL_CONVERSION = YES;
				CLANG_WARN_OBJC_IMPLICIT_RETAIN_SELF = YES;
				CLANG_WARN_OBJC_LITERAL_CONVERSION = YES;
				CLANG_WARN_OBJC_ROOT_CLASS = YES_ERROR;
				CLANG_WARN_QUOTED_INCLUDE_IN_FRAMEWORK_HEADER = YES;
				CLANG_WARN_RANGE_LOOP_ANALYSIS = YES;
				CLANG_WARN_STRICT_PROTOTYPES = YES;
				CLANG_WARN_SUSPICIOUS_MOVE = YES;
				CLANG_WARN_UNGUARDED_AVAILABILITY = YES_AGGRESSIVE;
				CLANG_WARN_UNREACHABLE_CODE = YES;
				CLANG_WARN__DUPLICATE_METHOD_MATCH = YES;
				COPY_PHASE_STRIP = NO;
				DEBUG_INFORMATION_FORMAT = dwarf;
				ENABLE_STRICT_OBJC_MSGSEND = YES;
				ENABLE_TESTABILITY = YES;
				ENABLE_USER_SCRIPT_SANDBOXING = YES;
				GCC_C_LANGUAGE_STANDARD = gnu17;
				GCC_DYNAMIC_NO_PIC = NO;
				GCC_NO_COMMON_BLOCKS = YES;
				GCC_OPTIMIZATION_LEVEL = 0;
				GCC_PREPROCESSOR_DEFINITIONS = (
					"DEBUG=1",
					"$(inherited)",
				);
				GCC_WARN_64_TO_32_BIT_CONVERSION = YES;
				GCC_WARN_ABOUT_RETURN_TYPE = YES_ERROR;
				GCC_WARN_UNDECLARED_SELECTOR = YES;
				GCC_WARN_UNINITIALIZED_AUTOS = YES_AGGRESSIVE;
				GCC_WARN_UNUSED_FUNCTION = YES;
				GCC_WARN_UNUSED_VARIABLE = YES;
				IPHONEOS_DEPLOYMENT_TARGET = 18.2;
				LOCALIZATION_PREFERS_STRING_CATALOGS = YES;
				MTL_ENABLE_DEBUG_INFO = INCLUDE_SOURCE;
				MTL_FAST_MATH = YES;
				ONLY_ACTIVE_ARCH = YES;
				SDKROOT = iphoneos;
				SWIFT_ACTIVE_COMPILATION_CONDITIONS = "DEBUG $(inherited)";
				SWIFT_OPTIMIZATION_LEVEL = "-Onone";
			};
			name = Debug;
		};
		81ED90302DD7052B00EB4E93 /* Release */ = {
			isa = XCBuildConfiguration;
			buildSettings = {
				ALWAYS_SEARCH_USER_PATHS = NO;
				ASSETCATALOG_COMPILER_GENERATE_SWIFT_ASSET_SYMBOL_EXTENSIONS = YES;
				CLANG_ANALYZER_NONNULL = YES;
				CLANG_ANALYZER_NUMBER_OBJECT_CONVERSION = YES_AGGRESSIVE;
				CLANG_CXX_LANGUAGE_STANDARD = "gnu++20";
				CLANG_ENABLE_MODULES = YES;
				CLANG_ENABLE_OBJC_ARC = YES;
				CLANG_ENABLE_OBJC_WEAK = YES;
				CLANG_WARN_BLOCK_CAPTURE_AUTORELEASING = YES;
				CLANG_WARN_BOOL_CONVERSION = YES;
				CLANG_WARN_COMMA = YES;
				CLANG_WARN_CONSTANT_CONVERSION = YES;
				CLANG_WARN_DEPRECATED_OBJC_IMPLEMENTATIONS = YES;
				CLANG_WARN_DIRECT_OBJC_ISA_USAGE = YES_ERROR;
				CLANG_WARN_DOCUMENTATION_COMMENTS = YES;
				CLANG_WARN_EMPTY_BODY = YES;
				CLANG_WARN_ENUM_CONVERSION = YES;
				CLANG_WARN_INFINITE_RECURSION = YES;
				CLANG_WARN_INT_CONVERSION = YES;
				CLANG_WARN_NON_LITERAL_NULL_CONVERSION = YES;
				CLANG_WARN_OBJC_IMPLICIT_RETAIN_SELF = YES;
				CLANG_WARN_OBJC_LITERAL_CONVERSION = YES;
				CLANG_WARN_OBJC_ROOT_CLASS = YES_ERROR;
				CLANG_WARN_QUOTED_INCLUDE_IN_FRAMEWORK_HEADER = YES;
				CLANG_WARN_RANGE_LOOP_ANALYSIS = YES;
				CLANG_WARN_STRICT_PROTOTYPES = YES;
				CLANG_WARN_SUSPICIOUS_MOVE = YES;
				CLANG_WARN_UNGUARDED_AVAILABILITY = YES_AGGRESSIVE;
				CLANG_WARN_UNREACHABLE_CODE = YES;
				CLANG_WARN__DUPLICATE_METHOD_MATCH = YES;
				COPY_PHASE_STRIP = NO;
				DEBUG_INFORMATION_FORMAT = "dwarf-with-dsym";
				ENABLE_NS_ASSERTIONS = NO;
				ENABLE_STRICT_OBJC_MSGSEND = YES;
				ENABLE_USER_SCRIPT_SANDBOXING = YES;
				GCC_C_LANGUAGE_STANDARD = gnu17;
				GCC_NO_COMMON_BLOCKS = YES;
				GCC_WARN_64_TO_32_BIT_CONVERSION = YES;
				GCC_WARN_ABOUT_RETURN_TYPE = YES_ERROR;
				GCC_WARN_UNDECLARED_SELECTOR = YES;
				GCC_WARN_UNINITIALIZED_AUTOS = YES_AGGRESSIVE;
				GCC_WARN_UNUSED_FUNCTION = YES;
				GCC_WARN_UNUSED_VARIABLE = YES;
				IPHONEOS_DEPLOYMENT_TARGET = 18.2;
				LOCALIZATION_PREFERS_STRING_CATALOGS = YES;
				MTL_ENABLE_DEBUG_INFO = NO;
				MTL_FAST_MATH = YES;
				SDKROOT = iphoneos;
				SWIFT_COMPILATION_MODE = wholemodule;
				VALIDATE_PRODUCT = YES;
			};
			name = Release;
		};
		81ED90322DD7052B00EB4E93 /* Debug */ = {
			isa = XCBuildConfiguration;
			buildSettings = {
				ASSETCATALOG_COMPILER_APPICON_NAME = AppIcon;
				ASSETCATALOG_COMPILER_GLOBAL_ACCENT_COLOR_NAME = AccentColor;
				CODE_SIGN_STYLE = Automatic;
				CURRENT_PROJECT_VERSION = 1;
				DEVELOPMENT_ASSET_PATHS = "\"GiikuCamp_vol3/Preview Content\"";
				DEVELOPMENT_TEAM = C953UM8YY2;
				ENABLE_PREVIEWS = YES;
				GENERATE_INFOPLIST_FILE = YES;
				INFOPLIST_FILE = "GiikuCamp-vol3-Info.plist";
				INFOPLIST_KEY_NSCameraUsageDescription = APPL;
				INFOPLIST_KEY_UIApplicationSceneManifest_Generation = YES;
				INFOPLIST_KEY_UIApplicationSupportsIndirectInputEvents = YES;
				INFOPLIST_KEY_UILaunchScreen_Generation = YES;
				INFOPLIST_KEY_UISupportedInterfaceOrientations_iPad = "UIInterfaceOrientationPortrait UIInterfaceOrientationPortraitUpsideDown UIInterfaceOrientationLandscapeLeft UIInterfaceOrientationLandscapeRight";
				INFOPLIST_KEY_UISupportedInterfaceOrientations_iPhone = "UIInterfaceOrientationPortrait UIInterfaceOrientationLandscapeLeft UIInterfaceOrientationLandscapeRight";
				LD_RUNPATH_SEARCH_PATHS = (
					"$(inherited)",
					"@executable_path/Frameworks",
				);
				MARKETING_VERSION = 1.0;
				OTHER_LDFLAGS = "-ObjC";
				PRODUCT_BUNDLE_IDENTIFIER = "koki-takahashi.GiikuCamp-vol3";
				PRODUCT_NAME = "$(TARGET_NAME)";
				SWIFT_EMIT_LOC_STRINGS = YES;
				SWIFT_VERSION = 5.0;
				TARGETED_DEVICE_FAMILY = "1,2";
			};
			name = Debug;
		};
		81ED90332DD7052B00EB4E93 /* Release */ = {
			isa = XCBuildConfiguration;
			buildSettings = {
				ASSETCATALOG_COMPILER_APPICON_NAME = AppIcon;
				ASSETCATALOG_COMPILER_GLOBAL_ACCENT_COLOR_NAME = AccentColor;
				CODE_SIGN_STYLE = Automatic;
				CURRENT_PROJECT_VERSION = 1;
				DEVELOPMENT_ASSET_PATHS = "\"GiikuCamp_vol3/Preview Content\"";
				DEVELOPMENT_TEAM = C953UM8YY2;
				ENABLE_PREVIEWS = YES;
				GENERATE_INFOPLIST_FILE = YES;
				INFOPLIST_FILE = "GiikuCamp-vol3-Info.plist";
				INFOPLIST_KEY_NSCameraUsageDescription = APPL;
				INFOPLIST_KEY_UIApplicationSceneManifest_Generation = YES;
				INFOPLIST_KEY_UIApplicationSupportsIndirectInputEvents = YES;
				INFOPLIST_KEY_UILaunchScreen_Generation = YES;
				INFOPLIST_KEY_UISupportedInterfaceOrientations_iPad = "UIInterfaceOrientationPortrait UIInterfaceOrientationPortraitUpsideDown UIInterfaceOrientationLandscapeLeft UIInterfaceOrientationLandscapeRight";
				INFOPLIST_KEY_UISupportedInterfaceOrientations_iPhone = "UIInterfaceOrientationPortrait UIInterfaceOrientationLandscapeLeft UIInterfaceOrientationLandscapeRight";
				LD_RUNPATH_SEARCH_PATHS = (
					"$(inherited)",
					"@executable_path/Frameworks",
				);
				MARKETING_VERSION = 1.0;
				OTHER_LDFLAGS = "-ObjC";
				PRODUCT_BUNDLE_IDENTIFIER = "koki-takahashi.GiikuCamp-vol3";
				PRODUCT_NAME = "$(TARGET_NAME)";
				SWIFT_EMIT_LOC_STRINGS = YES;
				SWIFT_VERSION = 5.0;
				TARGETED_DEVICE_FAMILY = "1,2";
			};
			name = Release;
		};
		81ED90352DD7052B00EB4E93 /* Debug */ = {
			isa = XCBuildConfiguration;
			buildSettings = {
				BUNDLE_LOADER = "$(TEST_HOST)";
				CODE_SIGN_STYLE = Automatic;
				CURRENT_PROJECT_VERSION = 1;
				DEVELOPMENT_TEAM = 76RN82DG87;
				GENERATE_INFOPLIST_FILE = YES;
				IPHONEOS_DEPLOYMENT_TARGET = 18.2;
				MARKETING_VERSION = 1.0;
				PRODUCT_BUNDLE_IDENTIFIER = "koki-takahashi.GiikuCamp-vol3Tests";
				PRODUCT_NAME = "$(TARGET_NAME)";
				SWIFT_EMIT_LOC_STRINGS = NO;
				SWIFT_VERSION = 5.0;
				TARGETED_DEVICE_FAMILY = "1,2";
				TEST_HOST = "$(BUILT_PRODUCTS_DIR)/GiikuCamp_vol3.app/$(BUNDLE_EXECUTABLE_FOLDER_PATH)/GiikuCamp_vol3";
			};
			name = Debug;
		};
		81ED90362DD7052B00EB4E93 /* Release */ = {
			isa = XCBuildConfiguration;
			buildSettings = {
				BUNDLE_LOADER = "$(TEST_HOST)";
				CODE_SIGN_STYLE = Automatic;
				CURRENT_PROJECT_VERSION = 1;
				DEVELOPMENT_TEAM = 76RN82DG87;
				GENERATE_INFOPLIST_FILE = YES;
				IPHONEOS_DEPLOYMENT_TARGET = 18.2;
				MARKETING_VERSION = 1.0;
				PRODUCT_BUNDLE_IDENTIFIER = "koki-takahashi.GiikuCamp-vol3Tests";
				PRODUCT_NAME = "$(TARGET_NAME)";
				SWIFT_EMIT_LOC_STRINGS = NO;
				SWIFT_VERSION = 5.0;
				TARGETED_DEVICE_FAMILY = "1,2";
				TEST_HOST = "$(BUILT_PRODUCTS_DIR)/GiikuCamp_vol3.app/$(BUNDLE_EXECUTABLE_FOLDER_PATH)/GiikuCamp_vol3";
			};
			name = Release;
		};
		81ED90382DD7052B00EB4E93 /* Debug */ = {
			isa = XCBuildConfiguration;
			buildSettings = {
				CODE_SIGN_STYLE = Automatic;
				CURRENT_PROJECT_VERSION = 1;
				DEVELOPMENT_TEAM = 76RN82DG87;
				GENERATE_INFOPLIST_FILE = YES;
				MARKETING_VERSION = 1.0;
				PRODUCT_BUNDLE_IDENTIFIER = "koki-takahashi.GiikuCamp-vol3UITests";
				PRODUCT_NAME = "$(TARGET_NAME)";
				SWIFT_EMIT_LOC_STRINGS = NO;
				SWIFT_VERSION = 5.0;
				TARGETED_DEVICE_FAMILY = "1,2";
				TEST_TARGET_NAME = GiikuCamp_vol3;
			};
			name = Debug;
		};
		81ED90392DD7052B00EB4E93 /* Release */ = {
			isa = XCBuildConfiguration;
			buildSettings = {
				CODE_SIGN_STYLE = Automatic;
				CURRENT_PROJECT_VERSION = 1;
				DEVELOPMENT_TEAM = 76RN82DG87;
				GENERATE_INFOPLIST_FILE = YES;
				MARKETING_VERSION = 1.0;
				PRODUCT_BUNDLE_IDENTIFIER = "koki-takahashi.GiikuCamp-vol3UITests";
				PRODUCT_NAME = "$(TARGET_NAME)";
				SWIFT_EMIT_LOC_STRINGS = NO;
				SWIFT_VERSION = 5.0;
				TARGETED_DEVICE_FAMILY = "1,2";
				TEST_TARGET_NAME = GiikuCamp_vol3;
			};
			name = Release;
		};
/* End XCBuildConfiguration section */

/* Begin XCConfigurationList section */
		81ED90082DD7052A00EB4E93 /* Build configuration list for PBXProject "GiikuCamp_vol3" */ = {
			isa = XCConfigurationList;
			buildConfigurations = (
				81ED902F2DD7052B00EB4E93 /* Debug */,
				81ED90302DD7052B00EB4E93 /* Release */,
			);
			defaultConfigurationIsVisible = 0;
			defaultConfigurationName = Release;
		};
		81ED90312DD7052B00EB4E93 /* Build configuration list for PBXNativeTarget "GiikuCamp_vol3" */ = {
			isa = XCConfigurationList;
			buildConfigurations = (
				81ED90322DD7052B00EB4E93 /* Debug */,
				81ED90332DD7052B00EB4E93 /* Release */,
			);
			defaultConfigurationIsVisible = 0;
			defaultConfigurationName = Release;
		};
		81ED90342DD7052B00EB4E93 /* Build configuration list for PBXNativeTarget "GiikuCamp_vol3Tests" */ = {
			isa = XCConfigurationList;
			buildConfigurations = (
				81ED90352DD7052B00EB4E93 /* Debug */,
				81ED90362DD7052B00EB4E93 /* Release */,
			);
			defaultConfigurationIsVisible = 0;
			defaultConfigurationName = Release;
		};
		81ED90372DD7052B00EB4E93 /* Build configuration list for PBXNativeTarget "GiikuCamp_vol3UITests" */ = {
			isa = XCConfigurationList;
			buildConfigurations = (
				81ED90382DD7052B00EB4E93 /* Debug */,
				81ED90392DD7052B00EB4E93 /* Release */,
			);
			defaultConfigurationIsVisible = 0;
			defaultConfigurationName = Release;
		};
/* End XCConfigurationList section */

/* Begin XCLocalSwiftPackageReference section */
		8128CB2D2DE0D2CF004FC816 /* XCLocalSwiftPackageReference "../yolo-ios-app" */ = {
			isa = XCLocalSwiftPackageReference;
			relativePath = "../yolo-ios-app";
		};
/* End XCLocalSwiftPackageReference section */

/* Begin XCRemoteSwiftPackageReference section */
		81D39FC42DDC918200A03B41 /* XCRemoteSwiftPackageReference "GoogleSignIn-iOS" */ = {
			isa = XCRemoteSwiftPackageReference;
			repositoryURL = "https://github.com/google/GoogleSignIn-iOS";
			requirement = {
				kind = upToNextMajorVersion;
				minimumVersion = 8.0.0;
			};
		};
		9BBFAE882DD7450400CBD575 /* XCRemoteSwiftPackageReference "firebase-ios-sdk" */ = {
			isa = XCRemoteSwiftPackageReference;
			repositoryURL = "https://github.com/firebase/firebase-ios-sdk";
			requirement = {
				kind = upToNextMajorVersion;
				minimumVersion = 11.12.0;
			};
		};
/* End XCRemoteSwiftPackageReference section */

/* Begin XCSwiftPackageProductDependency section */
		8128CB2E2DE0D2CF004FC816 /* YOLO */ = {
			isa = XCSwiftPackageProductDependency;
			productName = YOLO;
		};
		819501382DDDC58900F8637B /* FirebaseFirestore */ = {
			isa = XCSwiftPackageProductDependency;
			package = 9BBFAE882DD7450400CBD575 /* XCRemoteSwiftPackageReference "firebase-ios-sdk" */;
			productName = FirebaseFirestore;
		};
		81CB01672DDC77A20029E819 /* FirebaseAuth */ = {
			isa = XCSwiftPackageProductDependency;
			package = 9BBFAE882DD7450400CBD575 /* XCRemoteSwiftPackageReference "firebase-ios-sdk" */;
			productName = FirebaseAuth;
		};
		81D39FC52DDC918200A03B41 /* GoogleSignIn */ = {
			isa = XCSwiftPackageProductDependency;
			package = 81D39FC42DDC918200A03B41 /* XCRemoteSwiftPackageReference "GoogleSignIn-iOS" */;
			productName = GoogleSignIn;
		};
		81D39FC72DDC918200A03B41 /* GoogleSignInSwift */ = {
			isa = XCSwiftPackageProductDependency;
			package = 81D39FC42DDC918200A03B41 /* XCRemoteSwiftPackageReference "GoogleSignIn-iOS" */;
			productName = GoogleSignInSwift;
		};
		9BBFAE892DD7450400CBD575 /* FirebaseAnalytics */ = {
			isa = XCSwiftPackageProductDependency;
			package = 9BBFAE882DD7450400CBD575 /* XCRemoteSwiftPackageReference "firebase-ios-sdk" */;
			productName = FirebaseAnalytics;
		};
/* End XCSwiftPackageProductDependency section */
	};
	rootObject = 81ED90052DD7052A00EB4E93 /* Project object */;
}
